
Microsoft Visual Studio Solution File, Format Version 12.00
# Visual Studio Version 17
VisualStudioVersion = 17.9.34728.123
MinimumVisualStudioVersion = 10.0.40219.1
Project("{9A19103F-16F7-4668-BE54-9A1E7A4F7556}") = "PPSI3", "PPSI3.csproj", "{E47647A6-6FB2-45C6-A835-8D3BFBF0ACF9}"
EndProject
Global
	GlobalSection(SolutionConfigurationPlatforms) = preSolution
		Debug|Any CPU = Debug|Any CPU
		Release|Any CPU = Release|Any CPU
	EndGlobalSection
	GlobalSection(ProjectConfigurationPlatforms) = postSolution
		{E47647A6-6FB2-45C6-A835-8D3BFBF0ACF9}.Debug|Any CPU.ActiveCfg = Debug|Any CPU
		{E47647A6-6FB2-45C6-A835-8D3BFBF0ACF9}.Debug|Any CPU.Build.0 = Debug|Any CPU
		{E47647A6-6FB2-45C6-A835-8D3BFBF0ACF9}.Release|Any CPU.ActiveCfg = Release|Any CPU
		{E47647A6-6FB2-45C6-A835-8D3BFBF0ACF9}.Release|Any CPU.Build.0 = Release|Any CPU
	EndGlobalSection
	GlobalSection(SolutionProperties) = preSolution
		HideSolutionNode = FALSE
	EndGlobalSection
	GlobalSection(ExtensibilityGlobals) = postSolution
		SolutionGuid = {483A9C81-F735-4689-8985-696066664BD9}
	EndGlobalSection
EndGlobal
